<?xml version="1.0" encoding="utf-8"?>
<Project ToolsVersion="4.0" xmlns="http://schemas.microsoft.com/developer/msbuild/2003">
  <ItemGroup>
    <Filter Include="Исходные файлы">
      <UniqueIdentifier>{4FC737F1-C7A5-4376-A066-2A32D752A2FF}</UniqueIdentifier>
      <Extensions>cpp;c;cc;cxx;c++;cppm;ixx;def;odl;idl;hpj;bat;asm;asmx</Extensions>
    </Filter>
    <Filter Include="Файлы заголовков">
      <UniqueIdentifier>{93995380-89BD-4b04-88EB-625FBE52EBFB}</UniqueIdentifier>
      <Extensions>h;hh;hpp;hxx;h++;hm;inl;inc;ipp;xsd</Extensions>
    </Filter>
    <Filter Include="Файлы ресурсов">
      <UniqueIdentifier>{67DA6AB6-F800-4c08-8B7A-83BB121AAD01}</UniqueIdentifier>
      <Extensions>rc;ico;cur;bmp;dlg;rc2;rct;bin;rgs;gif;jpg;jpeg;jpe;resx;tiff;tif;png;wav;mfcribbon-ms</Extensions>
    </Filter>
    <Filter Include="Файлы заголовков\entities">
      <UniqueIdentifier>{dfa1d08b-3fc4-4de9-91ed-0bf1c23edebf}</UniqueIdentifier>
    </Filter>
    <Filter Include="Исходные файлы\entities">
      <UniqueIdentifier>{0245c238-d938-4e16-99d8-ff5b4ecce17f}</UniqueIdentifier>
    </Filter>
    <Filter Include="Исходные файлы\gfx">
      <UniqueIdentifier>{140b9f86-d186-4ed0-98fd-aa921487a542}</UniqueIdentifier>
    </Filter>
    <Filter Include="Файлы заголовков\gfx">
      <UniqueIdentifier>{ac8cf989-4892-4065-82e1-42c9ec8b00ac}</UniqueIdentifier>
    </Filter>
  </ItemGroup>
  <ItemGroup>
    <ClInclude Include="sys.h">
      <Filter>Файлы заголовков</Filter>
    </ClInclude>
    <ClInclude Include="exmath.h">
      <Filter>Файлы заголовков</Filter>
    </ClInclude>
    <ClInclude Include="def.h">
      <Filter>Файлы заголовков</Filter>
    </ClInclude>
    <ClInclude Include="entity.h">
      <Filter>Файлы заголовков</Filter>
    </ClInclude>
    <ClInclude Include="game.h">
      <Filter>Файлы заголовков</Filter>
    </ClInclude>
    <ClInclude Include="gfx.h">
      <Filter>Файлы заголовков</Filter>
    </ClInclude>
    <ClInclude Include="gl_extensions.h">
      <Filter>Файлы заголовков</Filter>
    </ClInclude>
    <ClInclude Include="glext.h">
      <Filter>Файлы заголовков</Filter>
    </ClInclude>
    <ClInclude Include="khrplatform.h">
      <Filter>Файлы заголовков</Filter>
    </ClInclude>
    <ClInclude Include="rwstream.h">
      <Filter>Файлы заголовков</Filter>
    </ClInclude>
    <ClInclude Include="stb_image.h">
      <Filter>Файлы заголовков</Filter>
    </ClInclude>
    <ClInclude Include="utils.h">
      <Filter>Файлы заголовков</Filter>
    </ClInclude>
    <ClInclude Include="audio.h">
      <Filter>Файлы заголовков</Filter>
    </ClInclude>
    <ClInclude Include="entities\car_entity.h">
      <Filter>Файлы заголовков\entities</Filter>
    </ClInclude>
    <ClInclude Include="entities\ped_entity.h">
      <Filter>Файлы заголовков\entities</Filter>
    </ClInclude>
    <ClInclude Include="gfx\gui.h">
      <Filter>Файлы заголовков</Filter>
    </ClInclude>
  </ItemGroup>
  <ItemGroup>
    <ClCompile Include="exmath.c">
      <Filter>Исходные файлы</Filter>
    </ClCompile>
    <ClCompile Include="entity.c">
      <Filter>Исходные файлы</Filter>
    </ClCompile>
    <ClCompile Include="game.c">
      <Filter>Исходные файлы</Filter>
    </ClCompile>
    <ClCompile Include="rwstream.c">
      <Filter>Исходные файлы</Filter>
    </ClCompile>
    <ClCompile Include="utils.c">
      <Filter>Исходные файлы</Filter>
    </ClCompile>
    <ClCompile Include="sys_win.c">
      <Filter>Исходные файлы</Filter>
    </ClCompile>
    <ClCompile Include="audio_win.c">
      <Filter>Исходные файлы</Filter>
    </ClCompile>
    <ClCompile Include="entities\car_entity.c">
      <Filter>Исходные файлы\entities</Filter>
    </ClCompile>
    <ClCompile Include="entities\ped_entity.c">
      <Filter>Исходные файлы\entities</Filter>
    </ClCompile>
    <ClCompile Include="gfx\gfx.c">
      <Filter>Исходные файлы\gfx</Filter>
    </ClCompile>
    <ClCompile Include="gfx\gui.c">
      <Filter>Исходные файлы\gfx</Filter>
    </ClCompile>
  </ItemGroup>
</Project>